lockfileVersion: '9.0'

settings:
  autoInstallPeers: true
  excludeLinksFromLockfile: false

importers:

  .:
    dependencies:
      '@actions/core':
        specifier: ^1.10.1
        version: 1.10.1
      '@actions/exec':
        specifier: ^1.1.1
        version: 1.1.1
    devDependencies:
      '@types/node':
        specifier: ^20.12.12
        version: 20.12.12
      make-coverage-badge:
        specifier: ^1.2.0
        version: 1.2.0
      typescript:
        specifier: ^5.4.5
        version: 5.4.5

packages:

  '@actions/core@1.10.1':
    resolution: {integrity: sha512-3lBR9EDAY+iYIpTnTIXmWcNbX3T2kCkAEQGIQx4NVQ0575nk2k3GRZDTPQG+vVtS2izSLmINlxXf0uLtnrTP+g==}

  '@actions/exec@1.1.1':
    resolution: {integrity: sha512-+sCcHHbVdk93a0XT19ECtO/gIXoxvdsgQLzb2fE2/5sIZmWQuluYyjPQtrtTHdU1YzTZ7bAPN4sITq2xi1679w==}

  '@actions/http-client@2.2.1':
    resolution: {integrity: sha512-KhC/cZsq7f8I4LfZSJKgCvEwfkE8o1538VoBeoGzokVLLnbFDEAdFD3UhoMklxo2un9NJVBdANOresx7vTHlHw==}

  '@actions/io@1.1.3':
    resolution: {integrity: sha512-wi9JjgKLYS7U/z8PPbco+PvTb/nRWjeoFlJ1Qer83k/3C5PHQi28hiVdeE2kHXmIL99mQFawx8qt/JPjZilJ8Q==}

  '@fastify/busboy@2.1.1':
    resolution: {integrity: sha512-vBZP4NlzfOlerQTnba4aqZoMhE/a9HY7HRqoOPaETQcSQuWEIyZMHGfVu6w9wGtGK5fED5qRs2DteVCjOH60sA==}
    engines: {node: '>=14'}

  '@types/node@20.12.12':
    resolution: {integrity: sha512-eWLDGF/FOSPtAvEqeRAQ4C8LSA7M1I7i0ky1I8U7kD1J5ITyW3AsRhQrKVoWf5pFKZ2kILsEGJhsI9r93PYnOw==}

  make-coverage-badge@1.2.0:
    resolution: {integrity: sha512-nA1eQZJ9vcY2UoQLVIdzqyRoNtAZHWlXJfrHkaMB/pQgTYBPmbImkykfxWeAtUQuLJXzb6eAhbR7nEgrt+S7FA==}
    engines: {node: '>=6.11', npm: '>=5.3'}
    hasBin: true

  mri@1.1.4:
    resolution: {integrity: sha512-6y7IjGPm8AzlvoUrwAaw1tLnUBudaS3752vcd8JtrpGGQn+rXIe63LFVHm/YMwtqAuh+LJPCFdlLYPWM1nYn6w==}
    engines: {node: '>=4'}

  tunnel@0.0.6:
    resolution: {integrity: sha512-1h/Lnq9yajKY2PEbBadPXj3VxsDDu844OnaAo52UVmIzIvwwtBPIuNvkjuzBlTWpfJyUbG3ez0KSBibQkj4ojg==}
    engines: {node: '>=0.6.11 <=0.7.0 || >=0.7.3'}

  typescript@5.4.5:
    resolution: {integrity: sha512-vcI4UpRgg81oIRUFwR0WSIHKt11nJ7SAVlYNIu+QpqeyXP+gpQJy/Z4+F0aGxSE4MqwjyXvW/TzgkLAx2AGHwQ==}
    engines: {node: '>=14.17'}
    hasBin: true

  undici-types@5.26.5:
    resolution: {integrity: sha512-JlCMO+ehdEIKqlFxk6IfVoAUVmgz7cU7zD/h9XZ0qzeosSHmUJVOzSQvvYSYWXkFXC+IfLKSIffhv0sVZup6pA==}

  undici@5.28.4:
    resolution: {integrity: sha512-72RFADWFqKmUb2hmmvNODKL3p9hcB6Gt2DOQMis1SEBaV6a4MH8soBvzg+95CYhCKPFedut2JY9bMfrDl9D23g==}
    engines: {node: '>=14.0'}

  uuid@8.3.2:
    resolution: {integrity: sha512-+NYs2QeMWy+GWFOEm9xnn6HCDp0l7QBD7ml8zLUmJ+93Q5NF0NocErnwkTkXVFNiX3/fpC6afS8Dhb/gz7R7eg==}
    hasBin: true

snapshots:

  '@actions/core@1.10.1':
    dependencies:
      '@actions/http-client': 2.2.1
      uuid: 8.3.2

  '@actions/exec@1.1.1':
    dependencies:
      '@actions/io': 1.1.3

  '@actions/http-client@2.2.1':
    dependencies:
      tunnel: 0.0.6
      undici: 5.28.4

  '@actions/io@1.1.3': {}

  '@fastify/busboy@2.1.1': {}

  '@types/node@20.12.12':
    dependencies:
      undici-types: 5.26.5

  make-coverage-badge@1.2.0:
    dependencies:
      mri: 1.1.4

  mri@1.1.4: {}

  tunnel@0.0.6: {}

  typescript@5.4.5: {}

  undici-types@5.26.5: {}

  undici@5.28.4:
    dependencies:
      '@fastify/busboy': 2.1.1

  uuid@8.3.2: {}
